
Microsoft Visual Studio Solution File, Format Version 12.00
# Visual Studio Version 16
VisualStudioVersion = 16.0.31624.102
MinimumVisualStudioVersion = 10.0.40219.1
Project("{2150E333-8FDC-42A3-9474-1A3956D46DE8}") = "Services", "Services", "{0FD90A9E-4B53-4FD9-B8D5-EB7708780644}"
EndProject
Project("{2150E333-8FDC-42A3-9474-1A3956D46DE8}") = "Catalog", "Catalog", "{21943ED8-8A19-4A30-B76E-61E979937DA8}"
EndProject
Project("{9A19103F-16F7-4668-BE54-9A1E7A4F7556}") = "Catalog.API", "Services\Catalog\Catalog.API\Catalog.API.csproj", "{3093C463-261F-45A7-B8D7-259EE67358CE}"
EndProject
Project("{E53339B2-1760-4266-BCC7-CA923CBCF16C}") = "docker-compose", "docker-compose.dcproj", "{A3B7B63C-C243-4E43-926E-6552F03D8E57}"
EndProject
Global
	GlobalSection(SolutionConfigurationPlatforms) = preSolution
		Debug|Any CPU = Debug|Any CPU
		Release|Any CPU = Release|Any CPU
	EndGlobalSection
	GlobalSection(ProjectConfigurationPlatforms) = postSolution
		{3093C463-261F-45A7-B8D7-259EE67358CE}.Debug|Any CPU.ActiveCfg = Debug|Any CPU
		{3093C463-261F-45A7-B8D7-259EE67358CE}.Debug|Any CPU.Build.0 = Debug|Any CPU
		{3093C463-261F-45A7-B8D7-259EE67358CE}.Release|Any CPU.ActiveCfg = Release|Any CPU
		{3093C463-261F-45A7-B8D7-259EE67358CE}.Release|Any CPU.Build.0 = Release|Any CPU
		{A3B7B63C-C243-4E43-926E-6552F03D8E57}.Debug|Any CPU.ActiveCfg = Debug|Any CPU
		{A3B7B63C-C243-4E43-926E-6552F03D8E57}.Debug|Any CPU.Build.0 = Debug|Any CPU
		{A3B7B63C-C243-4E43-926E-6552F03D8E57}.Release|Any CPU.ActiveCfg = Release|Any CPU
		{A3B7B63C-C243-4E43-926E-6552F03D8E57}.Release|Any CPU.Build.0 = Release|Any CPU
	EndGlobalSection
	GlobalSection(SolutionProperties) = preSolution
		HideSolutionNode = FALSE
	EndGlobalSection
	GlobalSection(NestedProjects) = preSolution
		{21943ED8-8A19-4A30-B76E-61E979937DA8} = {0FD90A9E-4B53-4FD9-B8D5-EB7708780644}
		{3093C463-261F-45A7-B8D7-259EE67358CE} = {21943ED8-8A19-4A30-B76E-61E979937DA8}
	EndGlobalSection
	GlobalSection(ExtensibilityGlobals) = postSolution
		SolutionGuid = {83FB8625-4F2C-49AD-981B-A2D942E58256}
	EndGlobalSection
EndGlobal
